lockfileVersion: 5.3

specifiers:
  '@protobuf-ts/runtime': ^2.7.0
  '@protobuf-ts/runtime-rpc': ^2.7.0
  google-protobuf: ^3.20.1
  typescript: ^4.7.4

dependencies:
  '@protobuf-ts/runtime': 2.7.0
  '@protobuf-ts/runtime-rpc': 2.7.0
  google-protobuf: 3.20.1

devDependencies:
  typescript: 4.7.4

packages:
  /@protobuf-ts/runtime-rpc/2.7.0:
    resolution:
      {
        integrity: sha512-ha2HFJYLam1Zv04roq4MgYgdivoXv3s5uDQpr6jOAflAduNRWpB5IFegvPvtdc89j4xs7vuNPIGyZtP/MgYAXA==,
      }
    dependencies:
      '@protobuf-ts/runtime': 2.7.0
    dev: false

  /@protobuf-ts/runtime/2.7.0:
    resolution:
      {
        integrity: sha512-CzunTplg81oMkF9MnSYiX2WOdHnAyHKnokZncgOHm5bt8iEfFNnUsMSbsWUus/ulRNIZ9VAVMjutd96vmySQaw==,
      }
    dev: false

  /google-protobuf/3.20.1:
    resolution:
      {
        integrity: sha512-XMf1+O32FjYIV3CYu6Tuh5PNbfNEU5Xu22X+Xkdb/DUexFlCzhvv7d5Iirm4AOwn8lv4al1YvIhzGrg2j9Zfzw==,
      }
    dev: false

  /typescript/4.7.4:
    resolution:
      {
        integrity: sha512-C0WQT0gezHuw6AdY1M2jxUO83Rjf0HP7Sk1DtXj6j1EwkQNZrHAg2XPWlq62oqEhYvONq5pkC2Y9oPljWToLmQ==,
      }
    engines: { node: '>=4.2.0' }
    hasBin: true
    dev: true
