lockfileVersion: 5.3

specifiers:
  '@protobuf-ts/runtime': ^2.5.0
  '@protobuf-ts/runtime-rpc': ^2.5.0
  google-protobuf: ^3.20.1
  typescript: ^4.6.4

dependencies:
  '@protobuf-ts/runtime': 2.5.0
  '@protobuf-ts/runtime-rpc': 2.5.0
  google-protobuf: 3.20.1

devDependencies:
  typescript: 4.6.4

packages:
  /@protobuf-ts/runtime-rpc/2.5.0:
    resolution:
      {
        integrity: sha512-zO5W1/66Ok68muvmjG0+ucTWTfzhCUurnqyspqcWGF9DDgGKSmrtR8V1MRV051UoTonOxm7NZZvM6VTbBv9DcA==,
      }
    dependencies:
      '@protobuf-ts/runtime': 2.5.0
    dev: false

  /@protobuf-ts/runtime/2.5.0:
    resolution:
      {
        integrity: sha512-ClfuZQ3iPVABJ0CXLGI044eox1PtmrIbbXZaHYczdFJjaxxn8U7vnwb1dPBM9JZ2I6H1VLZu8A9Z5nRv7zydsg==,
      }
    dev: false

  /google-protobuf/3.20.1:
    resolution:
      {
        integrity: sha512-XMf1+O32FjYIV3CYu6Tuh5PNbfNEU5Xu22X+Xkdb/DUexFlCzhvv7d5Iirm4AOwn8lv4al1YvIhzGrg2j9Zfzw==,
      }
    dev: false

  /typescript/4.6.4:
    resolution:
      {
        integrity: sha512-9ia/jWHIEbo49HfjrLGfKbZSuWo9iTMwXO+Ca3pRsSpbsMbc7/IU8NKdCZVRRBafVPGnoJeFL76ZOAA84I9fEg==,
      }
    engines: { node: '>=4.2.0' }
    hasBin: true
    dev: true
