# THIS IS AN AUTOGENERATED FILE. DO NOT EDIT THIS FILE DIRECTLY.
# yarn lockfile v1


"@improbable-eng/grpc-web@^0.15.0":
  version "0.15.0"
  resolved "https://registry.yarnpkg.com/@improbable-eng/grpc-web/-/grpc-web-0.15.0.tgz#3e47e9fdd90381a74abd4b7d26e67422a2a04bef"
  integrity sha512-ERft9/0/8CmYalqOVnJnpdDry28q+j+nAlFFARdjyxXDJ+Mhgv9+F600QC8BR9ygOfrXRlAk6CvST2j+JCpQPg==
  dependencies:
    browser-headers "^0.4.1"

"@protobuf-ts/runtime-rpc@^2.2.2":
  version "2.2.2"
  resolved "https://registry.yarnpkg.com/@protobuf-ts/runtime-rpc/-/runtime-rpc-2.2.2.tgz#4bb36133f9e25cf19d12fd0348dec75dd7948b40"
  integrity sha512-Fbv4sCyrdl4z67uLdZD8nOE+T06N/rCYQDLroGRUJ/sYhTcua0H3ls2id+RkpYGh/P8rJH3ldHBptsRYShGAyQ==
  dependencies:
    "@protobuf-ts/runtime" "^2.2.2"

"@protobuf-ts/runtime@^2.2.2":
  version "2.2.2"
  resolved "https://registry.yarnpkg.com/@protobuf-ts/runtime/-/runtime-2.2.2.tgz#d09c012b766cbc37ab2748e5c307c8fe27821d16"
  integrity sha512-4tZToEhqCMwMb5PZ04xs7nRDmNGTy4ha8HNBdxmTnmVi4O0Ik/MlCTxX2v5P+OvqTN5CufXAaz7bmldf/fGLjg==

browser-headers@^0.4.1:
  version "0.4.1"
  resolved "https://registry.yarnpkg.com/browser-headers/-/browser-headers-0.4.1.tgz#4308a7ad3b240f4203dbb45acedb38dc2d65dd02"
  integrity sha512-CA9hsySZVo9371qEHjHZtYxV2cFtVj5Wj/ZHi8ooEsrtm4vOnl9Y9HmyYWk9q+05d7K3rdoAE0j3MVEFVvtQtg==

google-protobuf@^3.19.4:
  version "3.19.4"
  resolved "https://registry.yarnpkg.com/google-protobuf/-/google-protobuf-3.19.4.tgz#8d32c3e34be9250956f28c0fb90955d13f311888"
  integrity sha512-OIPNCxsG2lkIvf+P5FNfJ/Km95CsXOBecS9ZcAU6m2Rq3svc0Apl9nB3GMDNKfQ9asNv4KjyAqGwPQFrVle3Yg==

long@^5.2.0:
  version "5.2.0"
  resolved "https://registry.yarnpkg.com/long/-/long-5.2.0.tgz#2696dadf4b4da2ce3f6f6b89186085d94d52fd61"
  integrity sha512-9RTUNjK60eJbx3uz+TEGF7fUr29ZDxR5QzXcyDpeSfeH28S9ycINflOgOlppit5U+4kNTe83KQnMEerw7GmE8w==

typescript@^4.5.5:
  version "4.5.5"
  resolved "https://registry.yarnpkg.com/typescript/-/typescript-4.5.5.tgz#d8c953832d28924a9e3d37c73d729c846c5896f3"
  integrity sha512-TCTIul70LyWe6IJWT8QSYeA54WQe8EjQFU4wY52Fasj5UKx88LNYKCgBEHcOMOrFF1rKGbD8v/xcNWVUq9SymA==
