# THIS IS AN AUTOGENERATED FILE. DO NOT EDIT THIS FILE DIRECTLY.
# yarn lockfile v1


"@protobuf-ts/runtime-rpc@^2.4.0":
  version "2.4.0"
  resolved "https://registry.yarnpkg.com/@protobuf-ts/runtime-rpc/-/runtime-rpc-2.4.0.tgz#9056268aecabbd22572cc1358860f38a49f7c7d1"
  integrity sha512-S+q3ZT9rM4iC5tYM2inhvaqd16pW9TKaoHfLmPjZh0X67XuI4RC4STvru0os3aowZn3q0OcDtWIzD+rIJXobiA==
  dependencies:
    "@protobuf-ts/runtime" "^2.4.0"

"@protobuf-ts/runtime@^2.4.0":
  version "2.4.0"
  resolved "https://registry.yarnpkg.com/@protobuf-ts/runtime/-/runtime-2.4.0.tgz#f9c6c81f52745c823e3bfcc6e3d724c2ff1dc647"
  integrity sha512-73/dE1ZCnNSmxN+M07Zu916TIx5I+WVpxQaMF3TrgenUiYqqQvNRpmfksmL9iiJBNMZqIts1u/flc3pzRFDy6Q==

google-protobuf@^3.19.4:
  version "3.19.4"
  resolved "https://registry.yarnpkg.com/google-protobuf/-/google-protobuf-3.19.4.tgz#8d32c3e34be9250956f28c0fb90955d13f311888"
  integrity sha512-OIPNCxsG2lkIvf+P5FNfJ/Km95CsXOBecS9ZcAU6m2Rq3svc0Apl9nB3GMDNKfQ9asNv4KjyAqGwPQFrVle3Yg==

typescript@^4.5.5:
  version "4.5.5"
  resolved "https://registry.yarnpkg.com/typescript/-/typescript-4.5.5.tgz#d8c953832d28924a9e3d37c73d729c846c5896f3"
  integrity sha512-TCTIul70LyWe6IJWT8QSYeA54WQe8EjQFU4wY52Fasj5UKx88LNYKCgBEHcOMOrFF1rKGbD8v/xcNWVUq9SymA==
